
Microsoft Visual Studio Solution File, Format Version 12.00
# Visual Studio Version 16
VisualStudioVersion = 16.0.30717.126
MinimumVisualStudioVersion = 10.0.40219.1
Project("{9A19103F-16F7-4668-BE54-9A1E7A4F7556}") = "EF.Library", "EF.Library\EF.Library.csproj", "{022C0C8C-8598-45A4-AD5F-8B005B34CEAD}"
EndProject
Project("{9A19103F-16F7-4668-BE54-9A1E7A4F7556}") = "Unit.Tests", "Unit.Tests\Unit.Tests.csproj", "{9CA2D8A7-9834-4BCF-9D52-18723BDED226}"
EndProject
Project("{FAE04EC0-301F-11D3-BF4B-00C04F79EFBC}") = "Web.API", "Web.API\Web.API.csproj", "{B2561F78-B6AC-4AC5-A811-6B1F25AF2282}"
EndProject
Global
	GlobalSection(SolutionConfigurationPlatforms) = preSolution
		Debug|Any CPU = Debug|Any CPU
		Release|Any CPU = Release|Any CPU
	EndGlobalSection
	GlobalSection(ProjectConfigurationPlatforms) = postSolution
		{022C0C8C-8598-45A4-AD5F-8B005B34CEAD}.Debug|Any CPU.ActiveCfg = Debug|Any CPU
		{022C0C8C-8598-45A4-AD5F-8B005B34CEAD}.Debug|Any CPU.Build.0 = Debug|Any CPU
		{022C0C8C-8598-45A4-AD5F-8B005B34CEAD}.Release|Any CPU.ActiveCfg = Release|Any CPU
		{022C0C8C-8598-45A4-AD5F-8B005B34CEAD}.Release|Any CPU.Build.0 = Release|Any CPU
		{9CA2D8A7-9834-4BCF-9D52-18723BDED226}.Debug|Any CPU.ActiveCfg = Debug|Any CPU
		{9CA2D8A7-9834-4BCF-9D52-18723BDED226}.Debug|Any CPU.Build.0 = Debug|Any CPU
		{9CA2D8A7-9834-4BCF-9D52-18723BDED226}.Release|Any CPU.ActiveCfg = Release|Any CPU
		{9CA2D8A7-9834-4BCF-9D52-18723BDED226}.Release|Any CPU.Build.0 = Release|Any CPU
		{B2561F78-B6AC-4AC5-A811-6B1F25AF2282}.Debug|Any CPU.ActiveCfg = Debug|Any CPU
		{B2561F78-B6AC-4AC5-A811-6B1F25AF2282}.Debug|Any CPU.Build.0 = Debug|Any CPU
		{B2561F78-B6AC-4AC5-A811-6B1F25AF2282}.Release|Any CPU.ActiveCfg = Release|Any CPU
		{B2561F78-B6AC-4AC5-A811-6B1F25AF2282}.Release|Any CPU.Build.0 = Release|Any CPU
	EndGlobalSection
	GlobalSection(SolutionProperties) = preSolution
		HideSolutionNode = FALSE
	EndGlobalSection
	GlobalSection(ExtensibilityGlobals) = postSolution
		SolutionGuid = {F68725F9-4237-4206-88F7-5194CD5AA703}
	EndGlobalSection
EndGlobal
